
Microsoft Visual Studio Solution File, Format Version 12.00
# Visual Studio Version 17
VisualStudioVersion = 17.9.34310.174
MinimumVisualStudioVersion = 10.0.40219.1
Project("{FAE04EC0-301F-11D3-BF4B-00C04F79EFBC}") = "final_examBakery", "final_examBakery\final_examBakery.csproj", "{9A005C98-28B6-40E5-84D5-341C45862356}"
EndProject
Global
	GlobalSection(SolutionConfigurationPlatforms) = preSolution
		Debug|Any CPU = Debug|Any CPU
		Release|Any CPU = Release|Any CPU
	EndGlobalSection
	GlobalSection(ProjectConfigurationPlatforms) = postSolution
		{9A005C98-28B6-40E5-84D5-341C45862356}.Debug|Any CPU.ActiveCfg = Debug|Any CPU
		{9A005C98-28B6-40E5-84D5-341C45862356}.Debug|Any CPU.Build.0 = Debug|Any CPU
		{9A005C98-28B6-40E5-84D5-341C45862356}.Release|Any CPU.ActiveCfg = Release|Any CPU
		{9A005C98-28B6-40E5-84D5-341C45862356}.Release|Any CPU.Build.0 = Release|Any CPU
	EndGlobalSection
	GlobalSection(SolutionProperties) = preSolution
		HideSolutionNode = FALSE
	EndGlobalSection
	GlobalSection(ExtensibilityGlobals) = postSolution
		SolutionGuid = {A94CF17D-268B-499D-B029-37209C3A1AC4}
	EndGlobalSection
EndGlobal
